
Microsoft Visual Studio Solution File, Format Version 12.00
# Visual Studio Version 16
VisualStudioVersion = 16.0.30517.126
MinimumVisualStudioVersion = 10.0.40219.1
Project("{FAE04EC0-301F-11D3-BF4B-00C04F79EFBC}") = "AdventOfCode", "AdventOfCode\AdventOfCode.csproj", "{FFA0AADB-CA07-4C0C-B2A8-B5533F80875B}"
EndProject
Project("{FAE04EC0-301F-11D3-BF4B-00C04F79EFBC}") = "AdventOfCode.Tests", "AdventOfCode.Tests\AdventOfCode.Tests.csproj", "{F691F4CC-2664-484A-ADF6-AAA924B8F121}"
EndProject
Global
	GlobalSection(SolutionConfigurationPlatforms) = preSolution
		Debug|Any CPU = Debug|Any CPU
		Release|Any CPU = Release|Any CPU
	EndGlobalSection
	GlobalSection(ProjectConfigurationPlatforms) = postSolution
		{FFA0AADB-CA07-4C0C-B2A8-B5533F80875B}.Debug|Any CPU.ActiveCfg = Debug|Any CPU
		{FFA0AADB-CA07-4C0C-B2A8-B5533F80875B}.Debug|Any CPU.Build.0 = Debug|Any CPU
		{FFA0AADB-CA07-4C0C-B2A8-B5533F80875B}.Release|Any CPU.ActiveCfg = Release|Any CPU
		{FFA0AADB-CA07-4C0C-B2A8-B5533F80875B}.Release|Any CPU.Build.0 = Release|Any CPU
		{F691F4CC-2664-484A-ADF6-AAA924B8F121}.Debug|Any CPU.ActiveCfg = Debug|Any CPU
		{F691F4CC-2664-484A-ADF6-AAA924B8F121}.Debug|Any CPU.Build.0 = Debug|Any CPU
		{F691F4CC-2664-484A-ADF6-AAA924B8F121}.Release|Any CPU.ActiveCfg = Release|Any CPU
		{F691F4CC-2664-484A-ADF6-AAA924B8F121}.Release|Any CPU.Build.0 = Release|Any CPU
	EndGlobalSection
	GlobalSection(SolutionProperties) = preSolution
		HideSolutionNode = FALSE
	EndGlobalSection
	GlobalSection(ExtensibilityGlobals) = postSolution
		SolutionGuid = {5033D7E7-1D0C-485E-A624-5859D07CDF9E}
	EndGlobalSection
EndGlobal
